// !$*UTF8*$!
{
	archiveVersion = 1;
	classes = {
	};
	objectVersion = 46;
	objects = {

/* Begin PBXBuildFile section */
		C61260421BC28D1E000EFFA0 /* AppDelegate.m in Sources */ = {isa = PBXBuildFile; fileRef = C61260401BC28D1E000EFFA0 /* AppDelegate.m */; settings = {ASSET_TAGS = (); }; };
		C61260431BC28D1E000EFFA0 /* main.m in Sources */ = {isa = PBXBuildFile; fileRef = C61260411BC28D1E000EFFA0 /* main.m */; settings = {ASSET_TAGS = (); }; };
		C61260471BC28D8B000EFFA0 /* YTabBarController.m in Sources */ = {isa = PBXBuildFile; fileRef = C61260451BC28D8B000EFFA0 /* YTabBarController.m */; settings = {ASSET_TAGS = (); }; };
		C612604B1BC28E03000EFFA0 /* YHomeController.m in Sources */ = {isa = PBXBuildFile; fileRef = C612604A1BC28E03000EFFA0 /* YHomeController.m */; settings = {ASSET_TAGS = (); }; };
		C612604E1BC28E1A000EFFA0 /* YMessageController.m in Sources */ = {isa = PBXBuildFile; fileRef = C612604D1BC28E1A000EFFA0 /* YMessageController.m */; settings = {ASSET_TAGS = (); }; };
		C61260511BC28E31000EFFA0 /* YDiscoverController.m in Sources */ = {isa = PBXBuildFile; fileRef = C61260501BC28E31000EFFA0 /* YDiscoverController.m */; settings = {ASSET_TAGS = (); }; };
		C61260541BC28E3E000EFFA0 /* YProfileController.m in Sources */ = {isa = PBXBuildFile; fileRef = C61260531BC28E3E000EFFA0 /* YProfileController.m */; settings = {ASSET_TAGS = (); }; };
		C61260591BC296F9000EFFA0 /* UIImage+Extension.m in Sources */ = {isa = PBXBuildFile; fileRef = C61260581BC296F9000EFFA0 /* UIImage+Extension.m */; settings = {ASSET_TAGS = (); }; };
		C648140C1BC2A24C005C83B8 /* YNavigationController.m in Sources */ = {isa = PBXBuildFile; fileRef = C648140B1BC2A24C005C83B8 /* YNavigationController.m */; settings = {ASSET_TAGS = (); }; };
		C648140F1BC2A404005C83B8 /* UIBarButtonItem+YExtension.m in Sources */ = {isa = PBXBuildFile; fileRef = C648140E1BC2A404005C83B8 /* UIBarButtonItem+YExtension.m */; settings = {ASSET_TAGS = (); }; };
		C64814121BC2AFC7005C83B8 /* UIViewExt.m in Sources */ = {isa = PBXBuildFile; fileRef = C64814111BC2AFC7005C83B8 /* UIViewExt.m */; settings = {ASSET_TAGS = (); }; };
		C64EEF381BC670BB002E7166 /* YSearchBar.m in Sources */ = {isa = PBXBuildFile; fileRef = C64EEF371BC670BB002E7166 /* YSearchBar.m */; settings = {ASSET_TAGS = (); }; };
		C66550CF1BCB6FBC004ED04F /* YPopMenu.m in Sources */ = {isa = PBXBuildFile; fileRef = C66550CE1BCB6FBC004ED04F /* YPopMenu.m */; settings = {ASSET_TAGS = (); }; };
		C66863641BBEC63600A4C619 /* Assets.xcassets in Resources */ = {isa = PBXBuildFile; fileRef = C66863631BBEC63600A4C619 /* Assets.xcassets */; };
		C66863721BBEC63600A4C619 /* ____Tests.m in Sources */ = {isa = PBXBuildFile; fileRef = C66863711BBEC63600A4C619 /* ____Tests.m */; };
		C668637D1BBEC63600A4C619 /* ____UITests.m in Sources */ = {isa = PBXBuildFile; fileRef = C668637C1BBEC63600A4C619 /* ____UITests.m */; };
		C6A6A51E1BC67F67007AF464 /* YTitleButton.m in Sources */ = {isa = PBXBuildFile; fileRef = C6A6A51D1BC67F67007AF464 /* YTitleButton.m */; settings = {ASSET_TAGS = (); }; };
		C6DDE2E81BC3AECD00D7D2BC /* SecondController.m in Sources */ = {isa = PBXBuildFile; fileRef = C6DDE2E71BC3AECD00D7D2BC /* SecondController.m */; settings = {ASSET_TAGS = (); }; };
		C6DDE2EC1BC3B04400D7D2BC /* FirstController.m in Sources */ = {isa = PBXBuildFile; fileRef = C6DDE2EA1BC3B04400D7D2BC /* FirstController.m */; settings = {ASSET_TAGS = (); }; };
		C6DDE2ED1BC3B04400D7D2BC /* FirstController.xib in Resources */ = {isa = PBXBuildFile; fileRef = C6DDE2EB1BC3B04400D7D2BC /* FirstController.xib */; settings = {ASSET_TAGS = (); }; };
		C6DDE2F01BC3B30900D7D2BC /* NSString+YExtension.m in Sources */ = {isa = PBXBuildFile; fileRef = C6DDE2EF1BC3B30900D7D2BC /* NSString+YExtension.m */; settings = {ASSET_TAGS = (); }; };
/* End PBXBuildFile section */

/* Begin PBXContainerItemProxy section */
		C668636E1BBEC63600A4C619 /* PBXContainerItemProxy */ = {
			isa = PBXContainerItemProxy;
			containerPortal = C668634C1BBEC63500A4C619 /* Project object */;
			proxyType = 1;
			remoteGlobalIDString = C66863531BBEC63500A4C619;
			remoteInfo = "新浪微博";
		};
		C66863791BBEC63600A4C619 /* PBXContainerItemProxy */ = {
			isa = PBXContainerItemProxy;
			containerPortal = C668634C1BBEC63500A4C619 /* Project object */;
			proxyType = 1;
			remoteGlobalIDString = C66863531BBEC63500A4C619;
			remoteInfo = "新浪微博";
		};
/* End PBXContainerItemProxy section */

/* Begin PBXFileReference section */
		C612603F1BC28D1E000EFFA0 /* AppDelegate.h */ = {isa = PBXFileReference; fileEncoding = 4; lastKnownFileType = sourcecode.c.h; path = AppDelegate.h; sourceTree = "<group>"; };
		C61260401BC28D1E000EFFA0 /* AppDelegate.m */ = {isa = PBXFileReference; fileEncoding = 4; lastKnownFileType = sourcecode.c.objc; path = AppDelegate.m; sourceTree = "<group>"; };
		C61260411BC28D1E000EFFA0 /* main.m */ = {isa = PBXFileReference; fileEncoding = 4; lastKnownFileType = sourcecode.c.objc; path = main.m; sourceTree = "<group>"; };
		C61260441BC28D8B000EFFA0 /* YTabBarController.h */ = {isa = PBXFileReference; fileEncoding = 4; lastKnownFileType = sourcecode.c.h; path = YTabBarController.h; sourceTree = "<group>"; };
		C61260451BC28D8B000EFFA0 /* YTabBarController.m */ = {isa = PBXFileReference; fileEncoding = 4; lastKnownFileType = sourcecode.c.objc; path = YTabBarController.m; sourceTree = "<group>"; };
		C61260491BC28E03000EFFA0 /* YHomeController.h */ = {isa = PBXFileReference; fileEncoding = 4; lastKnownFileType = sourcecode.c.h; path = YHomeController.h; sourceTree = "<group>"; };
		C612604A1BC28E03000EFFA0 /* YHomeController.m */ = {isa = PBXFileReference; fileEncoding = 4; lastKnownFileType = sourcecode.c.objc; path = YHomeController.m; sourceTree = "<group>"; };
		C612604C1BC28E1A000EFFA0 /* YMessageController.h */ = {isa = PBXFileReference; fileEncoding = 4; lastKnownFileType = sourcecode.c.h; path = YMessageController.h; sourceTree = "<group>"; };
		C612604D1BC28E1A000EFFA0 /* YMessageController.m */ = {isa = PBXFileReference; fileEncoding = 4; lastKnownFileType = sourcecode.c.objc; path = YMessageController.m; sourceTree = "<group>"; };
		C612604F1BC28E31000EFFA0 /* YDiscoverController.h */ = {isa = PBXFileReference; fileEncoding = 4; lastKnownFileType = sourcecode.c.h; path = YDiscoverController.h; sourceTree = "<group>"; };
		C61260501BC28E31000EFFA0 /* YDiscoverController.m */ = {isa = PBXFileReference; fileEncoding = 4; lastKnownFileType = sourcecode.c.objc; path = YDiscoverController.m; sourceTree = "<group>"; };
		C61260521BC28E3E000EFFA0 /* YProfileController.h */ = {isa = PBXFileReference; fileEncoding = 4; lastKnownFileType = sourcecode.c.h; path = YProfileController.h; sourceTree = "<group>"; };
		C61260531BC28E3E000EFFA0 /* YProfileController.m */ = {isa = PBXFileReference; fileEncoding = 4; lastKnownFileType = sourcecode.c.objc; path = YProfileController.m; sourceTree = "<group>"; };
		C61260551BC2949F000EFFA0 /* YWeiBoPrefixHeader.pch */ = {isa = PBXFileReference; fileEncoding = 4; lastKnownFileType = sourcecode.c.h; path = YWeiBoPrefixHeader.pch; sourceTree = "<group>"; };
		C61260571BC296F9000EFFA0 /* UIImage+Extension.h */ = {isa = PBXFileReference; fileEncoding = 4; lastKnownFileType = sourcecode.c.h; path = "UIImage+Extension.h"; sourceTree = "<group>"; };
		C61260581BC296F9000EFFA0 /* UIImage+Extension.m */ = {isa = PBXFileReference; fileEncoding = 4; lastKnownFileType = sourcecode.c.objc; path = "UIImage+Extension.m"; sourceTree = "<group>"; };
		C648140A1BC2A24C005C83B8 /* YNavigationController.h */ = {isa = PBXFileReference; fileEncoding = 4; lastKnownFileType = sourcecode.c.h; path = YNavigationController.h; sourceTree = "<group>"; };
		C648140B1BC2A24C005C83B8 /* YNavigationController.m */ = {isa = PBXFileReference; fileEncoding = 4; lastKnownFileType = sourcecode.c.objc; path = YNavigationController.m; sourceTree = "<group>"; };
		C648140D1BC2A404005C83B8 /* UIBarButtonItem+YExtension.h */ = {isa = PBXFileReference; fileEncoding = 4; lastKnownFileType = sourcecode.c.h; path = "UIBarButtonItem+YExtension.h"; sourceTree = "<group>"; };
		C648140E1BC2A404005C83B8 /* UIBarButtonItem+YExtension.m */ = {isa = PBXFileReference; fileEncoding = 4; lastKnownFileType = sourcecode.c.objc; path = "UIBarButtonItem+YExtension.m"; sourceTree = "<group>"; };
		C64814101BC2AFC7005C83B8 /* UIViewExt.h */ = {isa = PBXFileReference; fileEncoding = 4; lastKnownFileType = sourcecode.c.h; path = UIViewExt.h; sourceTree = "<group>"; };
		C64814111BC2AFC7005C83B8 /* UIViewExt.m */ = {isa = PBXFileReference; fileEncoding = 4; lastKnownFileType = sourcecode.c.objc; path = UIViewExt.m; sourceTree = "<group>"; };
		C64EEF361BC670BB002E7166 /* YSearchBar.h */ = {isa = PBXFileReference; fileEncoding = 4; lastKnownFileType = sourcecode.c.h; name = YSearchBar.h; path = "../../Home(主页)/View/YSearchBar.h"; sourceTree = "<group>"; };
		C64EEF371BC670BB002E7166 /* YSearchBar.m */ = {isa = PBXFileReference; fileEncoding = 4; lastKnownFileType = sourcecode.c.objc; name = YSearchBar.m; path = "../../Home(主页)/View/YSearchBar.m"; sourceTree = "<group>"; };
		C66550CD1BCB6FBC004ED04F /* YPopMenu.h */ = {isa = PBXFileReference; fileEncoding = 4; lastKnownFileType = sourcecode.c.h; path = YPopMenu.h; sourceTree = "<group>"; };
		C66550CE1BCB6FBC004ED04F /* YPopMenu.m */ = {isa = PBXFileReference; fileEncoding = 4; lastKnownFileType = sourcecode.c.objc; path = YPopMenu.m; sourceTree = "<group>"; };
		C66863541BBEC63500A4C619 /* 新浪微博.app */ = {isa = PBXFileReference; explicitFileType = wrapper.application; includeInIndex = 0; path = "新浪微博.app"; sourceTree = BUILT_PRODUCTS_DIR; };
		C66863631BBEC63600A4C619 /* Assets.xcassets */ = {isa = PBXFileReference; lastKnownFileType = folder.assetcatalog; path = Assets.xcassets; sourceTree = "<group>"; };
		C66863681BBEC63600A4C619 /* Info.plist */ = {isa = PBXFileReference; lastKnownFileType = text.plist.xml; path = Info.plist; sourceTree = "<group>"; };
		C668636D1BBEC63600A4C619 /* 新浪微博Tests.xctest */ = {isa = PBXFileReference; explicitFileType = wrapper.cfbundle; includeInIndex = 0; path = "新浪微博Tests.xctest"; sourceTree = BUILT_PRODUCTS_DIR; };
		C66863711BBEC63600A4C619 /* ____Tests.m */ = {isa = PBXFileReference; lastKnownFileType = sourcecode.c.objc; path = "____Tests.m"; sourceTree = "<group>"; };
		C66863731BBEC63600A4C619 /* Info.plist */ = {isa = PBXFileReference; lastKnownFileType = text.plist.xml; path = Info.plist; sourceTree = "<group>"; };
		C66863781BBEC63600A4C619 /* 新浪微博UITests.xctest */ = {isa = PBXFileReference; explicitFileType = wrapper.cfbundle; includeInIndex = 0; path = "新浪微博UITests.xctest"; sourceTree = BUILT_PRODUCTS_DIR; };
		C668637C1BBEC63600A4C619 /* ____UITests.m */ = {isa = PBXFileReference; lastKnownFileType = sourcecode.c.objc; path = "____UITests.m"; sourceTree = "<group>"; };
		C668637E1BBEC63600A4C619 /* Info.plist */ = {isa = PBXFileReference; lastKnownFileType = text.plist.xml; path = Info.plist; sourceTree = "<group>"; };
		C6A6A51C1BC67F67007AF464 /* YTitleButton.h */ = {isa = PBXFileReference; fileEncoding = 4; lastKnownFileType = sourcecode.c.h; path = YTitleButton.h; sourceTree = "<group>"; };
		C6A6A51D1BC67F67007AF464 /* YTitleButton.m */ = {isa = PBXFileReference; fileEncoding = 4; lastKnownFileType = sourcecode.c.objc; path = YTitleButton.m; sourceTree = "<group>"; };
		C6DDE2E61BC3AECD00D7D2BC /* SecondController.h */ = {isa = PBXFileReference; fileEncoding = 4; lastKnownFileType = sourcecode.c.h; path = SecondController.h; sourceTree = "<group>"; };
		C6DDE2E71BC3AECD00D7D2BC /* SecondController.m */ = {isa = PBXFileReference; fileEncoding = 4; lastKnownFileType = sourcecode.c.objc; path = SecondController.m; sourceTree = "<group>"; };
		C6DDE2E91BC3B04400D7D2BC /* FirstController.h */ = {isa = PBXFileReference; fileEncoding = 4; lastKnownFileType = sourcecode.c.h; path = FirstController.h; sourceTree = "<group>"; };
		C6DDE2EA1BC3B04400D7D2BC /* FirstController.m */ = {isa = PBXFileReference; fileEncoding = 4; lastKnownFileType = sourcecode.c.objc; path = FirstController.m; sourceTree = "<group>"; };
		C6DDE2EB1BC3B04400D7D2BC /* FirstController.xib */ = {isa = PBXFileReference; fileEncoding = 4; lastKnownFileType = file.xib; path = FirstController.xib; sourceTree = "<group>"; };
		C6DDE2EE1BC3B30900D7D2BC /* NSString+YExtension.h */ = {isa = PBXFileReference; fileEncoding = 4; lastKnownFileType = sourcecode.c.h; path = "NSString+YExtension.h"; sourceTree = "<group>"; };
		C6DDE2EF1BC3B30900D7D2BC /* NSString+YExtension.m */ = {isa = PBXFileReference; fileEncoding = 4; lastKnownFileType = sourcecode.c.objc; path = "NSString+YExtension.m"; sourceTree = "<group>"; };
/* End PBXFileReference section */

/* Begin PBXFrameworksBuildPhase section */
		C66863511BBEC63500A4C619 /* Frameworks */ = {
			isa = PBXFrameworksBuildPhase;
			buildActionMask = 2147483647;
			files = (
			);
			runOnlyForDeploymentPostprocessing = 0;
		};
		C668636A1BBEC63600A4C619 /* Frameworks */ = {
			isa = PBXFrameworksBuildPhase;
			buildActionMask = 2147483647;
			files = (
			);
			runOnlyForDeploymentPostprocessing = 0;
		};
		C66863751BBEC63600A4C619 /* Frameworks */ = {
			isa = PBXFrameworksBuildPhase;
			buildActionMask = 2147483647;
			files = (
			);
			runOnlyForDeploymentPostprocessing = 0;
		};
/* End PBXFrameworksBuildPhase section */

/* Begin PBXGroup section */
		C61260291BC28D1E000EFFA0 /* Classes */ = {
			isa = PBXGroup;
			children = (
				C6DDE2E21BC3AE9A00D7D2BC /* Temp */,
				C612603A1BC28D1E000EFFA0 /* Main */,
				C612602E1BC28D1E000EFFA0 /* Home(主页) */,
				C61260361BC28D1E000EFFA0 /* Message(消息) */,
				C612602A1BC28D1E000EFFA0 /* Discover(发现) */,
				C61260321BC28D1E000EFFA0 /* Profile(我) */,
			);
			path = Classes;
			sourceTree = "<group>";
		};
		C612602A1BC28D1E000EFFA0 /* Discover(发现) */ = {
			isa = PBXGroup;
			children = (
				C612602B1BC28D1E000EFFA0 /* Controller */,
				C612602C1BC28D1E000EFFA0 /* View */,
				C612602D1BC28D1E000EFFA0 /* Model */,
			);
			path = "Discover(发现)";
			sourceTree = "<group>";
		};
		C612602B1BC28D1E000EFFA0 /* Controller */ = {
			isa = PBXGroup;
			children = (
				C612604F1BC28E31000EFFA0 /* YDiscoverController.h */,
				C61260501BC28E31000EFFA0 /* YDiscoverController.m */,
			);
			path = Controller;
			sourceTree = "<group>";
		};
		C612602C1BC28D1E000EFFA0 /* View */ = {
			isa = PBXGroup;
			children = (
				C64EEF361BC670BB002E7166 /* YSearchBar.h */,
				C64EEF371BC670BB002E7166 /* YSearchBar.m */,
			);
			path = View;
			sourceTree = "<group>";
		};
		C612602D1BC28D1E000EFFA0 /* Model */ = {
			isa = PBXGroup;
			children = (
			);
			path = Model;
			sourceTree = "<group>";
		};
		C612602E1BC28D1E000EFFA0 /* Home(主页) */ = {
			isa = PBXGroup;
			children = (
				C612602F1BC28D1E000EFFA0 /* Controller */,
				C61260301BC28D1E000EFFA0 /* View */,
				C61260311BC28D1E000EFFA0 /* Model */,
			);
			path = "Home(主页)";
			sourceTree = "<group>";
		};
		C612602F1BC28D1E000EFFA0 /* Controller */ = {
			isa = PBXGroup;
			children = (
				C61260491BC28E03000EFFA0 /* YHomeController.h */,
				C612604A1BC28E03000EFFA0 /* YHomeController.m */,
			);
			path = Controller;
			sourceTree = "<group>";
		};
		C61260301BC28D1E000EFFA0 /* View */ = {
			isa = PBXGroup;
			children = (
				C6A6A51C1BC67F67007AF464 /* YTitleButton.h */,
				C6A6A51D1BC67F67007AF464 /* YTitleButton.m */,
				C66550CD1BCB6FBC004ED04F /* YPopMenu.h */,
				C66550CE1BCB6FBC004ED04F /* YPopMenu.m */,
			);
			path = View;
			sourceTree = "<group>";
		};
		C61260311BC28D1E000EFFA0 /* Model */ = {
			isa = PBXGroup;
			children = (
			);
			path = Model;
			sourceTree = "<group>";
		};
		C61260321BC28D1E000EFFA0 /* Profile(我) */ = {
			isa = PBXGroup;
			children = (
				C61260331BC28D1E000EFFA0 /* Controller */,
				C61260341BC28D1E000EFFA0 /* View */,
				C61260351BC28D1E000EFFA0 /* Model */,
			);
			path = "Profile(我)";
			sourceTree = "<group>";
		};
		C61260331BC28D1E000EFFA0 /* Controller */ = {
			isa = PBXGroup;
			children = (
				C61260521BC28E3E000EFFA0 /* YProfileController.h */,
				C61260531BC28E3E000EFFA0 /* YProfileController.m */,
			);
			path = Controller;
			sourceTree = "<group>";
		};
		C61260341BC28D1E000EFFA0 /* View */ = {
			isa = PBXGroup;
			children = (
			);
			path = View;
			sourceTree = "<group>";
		};
		C61260351BC28D1E000EFFA0 /* Model */ = {
			isa = PBXGroup;
			children = (
			);
			path = Model;
			sourceTree = "<group>";
		};
		C61260361BC28D1E000EFFA0 /* Message(消息) */ = {
			isa = PBXGroup;
			children = (
				C61260371BC28D1E000EFFA0 /* Controller */,
				C61260381BC28D1E000EFFA0 /* View */,
				C61260391BC28D1E000EFFA0 /* Model */,
			);
			path = "Message(消息)";
			sourceTree = "<group>";
		};
		C61260371BC28D1E000EFFA0 /* Controller */ = {
			isa = PBXGroup;
			children = (
				C612604C1BC28E1A000EFFA0 /* YMessageController.h */,
				C612604D1BC28E1A000EFFA0 /* YMessageController.m */,
			);
			path = Controller;
			sourceTree = "<group>";
		};
		C61260381BC28D1E000EFFA0 /* View */ = {
			isa = PBXGroup;
			children = (
			);
			path = View;
			sourceTree = "<group>";
		};
		C61260391BC28D1E000EFFA0 /* Model */ = {
			isa = PBXGroup;
			children = (
			);
			path = Model;
			sourceTree = "<group>";
		};
		C612603A1BC28D1E000EFFA0 /* Main */ = {
			isa = PBXGroup;
			children = (
				C61260561BC296E2000EFFA0 /* Category */,
				C612603B1BC28D1E000EFFA0 /* Controller */,
				C612603C1BC28D1E000EFFA0 /* Model */,
				C612603D1BC28D1E000EFFA0 /* View */,
				C612603E1BC28D1E000EFFA0 /* Other */,
			);
			path = Main;
			sourceTree = "<group>";
		};
		C612603B1BC28D1E000EFFA0 /* Controller */ = {
			isa = PBXGroup;
			children = (
				C61260441BC28D8B000EFFA0 /* YTabBarController.h */,
				C61260451BC28D8B000EFFA0 /* YTabBarController.m */,
				C648140A1BC2A24C005C83B8 /* YNavigationController.h */,
				C648140B1BC2A24C005C83B8 /* YNavigationController.m */,
			);
			path = Controller;
			sourceTree = "<group>";
		};
		C612603C1BC28D1E000EFFA0 /* Model */ = {
			isa = PBXGroup;
			children = (
			);
			path = Model;
			sourceTree = "<group>";
		};
		C612603D1BC28D1E000EFFA0 /* View */ = {
			isa = PBXGroup;
			children = (
			);
			path = View;
			sourceTree = "<group>";
		};
		C612603E1BC28D1E000EFFA0 /* Other */ = {
			isa = PBXGroup;
			children = (
				C64814101BC2AFC7005C83B8 /* UIViewExt.h */,
				C64814111BC2AFC7005C83B8 /* UIViewExt.m */,
				C612603F1BC28D1E000EFFA0 /* AppDelegate.h */,
				C61260401BC28D1E000EFFA0 /* AppDelegate.m */,
				C61260411BC28D1E000EFFA0 /* main.m */,
			);
			name = Other;
			path = other;
			sourceTree = "<group>";
		};
		C61260561BC296E2000EFFA0 /* Category */ = {
			isa = PBXGroup;
			children = (
				C6DDE2EE1BC3B30900D7D2BC /* NSString+YExtension.h */,
				C6DDE2EF1BC3B30900D7D2BC /* NSString+YExtension.m */,
				C61260571BC296F9000EFFA0 /* UIImage+Extension.h */,
				C61260581BC296F9000EFFA0 /* UIImage+Extension.m */,
				C648140D1BC2A404005C83B8 /* UIBarButtonItem+YExtension.h */,
				C648140E1BC2A404005C83B8 /* UIBarButtonItem+YExtension.m */,
			);
			path = Category;
			sourceTree = "<group>";
		};
		C668634B1BBEC63500A4C619 = {
			isa = PBXGroup;
			children = (
				C66863561BBEC63500A4C619 /* 新浪微博 */,
				C66863701BBEC63600A4C619 /* 新浪微博Tests */,
				C668637B1BBEC63600A4C619 /* 新浪微博UITests */,
				C66863551BBEC63500A4C619 /* Products */,
			);
			sourceTree = "<group>";
		};
		C66863551BBEC63500A4C619 /* Products */ = {
			isa = PBXGroup;
			children = (
				C66863541BBEC63500A4C619 /* 新浪微博.app */,
				C668636D1BBEC63600A4C619 /* 新浪微博Tests.xctest */,
				C66863781BBEC63600A4C619 /* 新浪微博UITests.xctest */,
			);
			name = Products;
			sourceTree = "<group>";
		};
		C66863561BBEC63500A4C619 /* 新浪微博 */ = {
			isa = PBXGroup;
			children = (
				C61260291BC28D1E000EFFA0 /* Classes */,
				C66863571BBEC63500A4C619 /* Supporting Files */,
			);
			path = "新浪微博";
			sourceTree = "<group>";
		};
		C66863571BBEC63500A4C619 /* Supporting Files */ = {
			isa = PBXGroup;
			children = (
				C66863631BBEC63600A4C619 /* Assets.xcassets */,
				C66863681BBEC63600A4C619 /* Info.plist */,
				C61260551BC2949F000EFFA0 /* YWeiBoPrefixHeader.pch */,
			);
			name = "Supporting Files";
			sourceTree = "<group>";
		};
		C66863701BBEC63600A4C619 /* 新浪微博Tests */ = {
			isa = PBXGroup;
			children = (
				C66863711BBEC63600A4C619 /* ____Tests.m */,
				C66863731BBEC63600A4C619 /* Info.plist */,
			);
			path = "新浪微博Tests";
			sourceTree = "<group>";
		};
		C668637B1BBEC63600A4C619 /* 新浪微博UITests */ = {
			isa = PBXGroup;
			children = (
				C668637C1BBEC63600A4C619 /* ____UITests.m */,
				C668637E1BBEC63600A4C619 /* Info.plist */,
			);
			path = "新浪微博UITests";
			sourceTree = "<group>";
		};
		C6DDE2E21BC3AE9A00D7D2BC /* Temp */ = {
			isa = PBXGroup;
			children = (
				C6DDE2E61BC3AECD00D7D2BC /* SecondController.h */,
				C6DDE2E71BC3AECD00D7D2BC /* SecondController.m */,
				C6DDE2E91BC3B04400D7D2BC /* FirstController.h */,
				C6DDE2EA1BC3B04400D7D2BC /* FirstController.m */,
				C6DDE2EB1BC3B04400D7D2BC /* FirstController.xib */,
			);
			name = Temp;
			sourceTree = "<group>";
		};
/* End PBXGroup section */

/* Begin PBXNativeTarget section */
		C66863531BBEC63500A4C619 /* 新浪微博 */ = {
			isa = PBXNativeTarget;
			buildConfigurationList = C66863811BBEC63600A4C619 /* Build configuration list for PBXNativeTarget "新浪微博" */;
			buildPhases = (
				C66863501BBEC63500A4C619 /* Sources */,
				C66863511BBEC63500A4C619 /* Frameworks */,
				C66863521BBEC63500A4C619 /* Resources */,
			);
			buildRules = (
			);
			dependencies = (
			);
			name = "新浪微博";
			productName = "新浪微博";
			productReference = C66863541BBEC63500A4C619 /* 新浪微博.app */;
			productType = "com.apple.product-type.application";
		};
		C668636C1BBEC63600A4C619 /* 新浪微博Tests */ = {
			isa = PBXNativeTarget;
			buildConfigurationList = C66863841BBEC63600A4C619 /* Build configuration list for PBXNativeTarget "新浪微博Tests" */;
			buildPhases = (
				C66863691BBEC63600A4C619 /* Sources */,
				C668636A1BBEC63600A4C619 /* Frameworks */,
				C668636B1BBEC63600A4C619 /* Resources */,
			);
			buildRules = (
			);
			dependencies = (
				C668636F1BBEC63600A4C619 /* PBXTargetDependency */,
			);
			name = "新浪微博Tests";
			productName = "新浪微博Tests";
			productReference = C668636D1BBEC63600A4C619 /* 新浪微博Tests.xctest */;
			productType = "com.apple.product-type.bundle.unit-test";
		};
		C66863771BBEC63600A4C619 /* 新浪微博UITests */ = {
			isa = PBXNativeTarget;
			buildConfigurationList = C66863871BBEC63600A4C619 /* Build configuration list for PBXNativeTarget "新浪微博UITests" */;
			buildPhases = (
				C66863741BBEC63600A4C619 /* Sources */,
				C66863751BBEC63600A4C619 /* Frameworks */,
				C66863761BBEC63600A4C619 /* Resources */,
			);
			buildRules = (
			);
			dependencies = (
				C668637A1BBEC63600A4C619 /* PBXTargetDependency */,
			);
			name = "新浪微博UITests";
			productName = "新浪微博UITests";
			productReference = C66863781BBEC63600A4C619 /* 新浪微博UITests.xctest */;
			productType = "com.apple.product-type.bundle.ui-testing";
		};
/* End PBXNativeTarget section */

/* Begin PBXProject section */
		C668634C1BBEC63500A4C619 /* Project object */ = {
			isa = PBXProject;
			attributes = {
				LastUpgradeCheck = 0700;
				ORGANIZATIONNAME = YCompany;
				TargetAttributes = {
					C66863531BBEC63500A4C619 = {
						CreatedOnToolsVersion = 7.0.1;
					};
					C668636C1BBEC63600A4C619 = {
						CreatedOnToolsVersion = 7.0.1;
						TestTargetID = C66863531BBEC63500A4C619;
					};
					C66863771BBEC63600A4C619 = {
						CreatedOnToolsVersion = 7.0.1;
						TestTargetID = C66863531BBEC63500A4C619;
					};
				};
			};
			buildConfigurationList = C668634F1BBEC63500A4C619 /* Build configuration list for PBXProject "新浪微博" */;
			compatibilityVersion = "Xcode 3.2";
			developmentRegion = English;
			hasScannedForEncodings = 0;
			knownRegions = (
				en,
				Base,
			);
			mainGroup = C668634B1BBEC63500A4C619;
			productRefGroup = C66863551BBEC63500A4C619 /* Products */;
			projectDirPath = "";
			projectRoot = "";
			targets = (
				C66863531BBEC63500A4C619 /* 新浪微博 */,
				C668636C1BBEC63600A4C619 /* 新浪微博Tests */,
				C66863771BBEC63600A4C619 /* 新浪微博UITests */,
			);
		};
/* End PBXProject section */

/* Begin PBXResourcesBuildPhase section */
		C66863521BBEC63500A4C619 /* Resources */ = {
			isa = PBXResourcesBuildPhase;
			buildActionMask = 2147483647;
			files = (
				C6DDE2ED1BC3B04400D7D2BC /* FirstController.xib in Resources */,
				C66863641BBEC63600A4C619 /* Assets.xcassets in Resources */,
			);
			runOnlyForDeploymentPostprocessing = 0;
		};
		C668636B1BBEC63600A4C619 /* Resources */ = {
			isa = PBXResourcesBuildPhase;
			buildActionMask = 2147483647;
			files = (
			);
			runOnlyForDeploymentPostprocessing = 0;
		};
		C66863761BBEC63600A4C619 /* Resources */ = {
			isa = PBXResourcesBuildPhase;
			buildActionMask = 2147483647;
			files = (
			);
			runOnlyForDeploymentPostprocessing = 0;
		};
/* End PBXResourcesBuildPhase section */

/* Begin PBXSourcesBuildPhase section */
		C66863501BBEC63500A4C619 /* Sources */ = {
			isa = PBXSourcesBuildPhase;
			buildActionMask = 2147483647;
			files = (
				C6A6A51E1BC67F67007AF464 /* YTitleButton.m in Sources */,
				C61260511BC28E31000EFFA0 /* YDiscoverController.m in Sources */,
				C61260541BC28E3E000EFFA0 /* YProfileController.m in Sources */,
				C64814121BC2AFC7005C83B8 /* UIViewExt.m in Sources */,
				C612604E1BC28E1A000EFFA0 /* YMessageController.m in Sources */,
				C61260421BC28D1E000EFFA0 /* AppDelegate.m in Sources */,
				C648140C1BC2A24C005C83B8 /* YNavigationController.m in Sources */,
				C61260471BC28D8B000EFFA0 /* YTabBarController.m in Sources */,
				C6DDE2F01BC3B30900D7D2BC /* NSString+YExtension.m in Sources */,
				C648140F1BC2A404005C83B8 /* UIBarButtonItem+YExtension.m in Sources */,
				C64EEF381BC670BB002E7166 /* YSearchBar.m in Sources */,
				C66550CF1BCB6FBC004ED04F /* YPopMenu.m in Sources */,
				C6DDE2EC1BC3B04400D7D2BC /* FirstController.m in Sources */,
				C6DDE2E81BC3AECD00D7D2BC /* SecondController.m in Sources */,
				C612604B1BC28E03000EFFA0 /* YHomeController.m in Sources */,
				C61260431BC28D1E000EFFA0 /* main.m in Sources */,
				C61260591BC296F9000EFFA0 /* UIImage+Extension.m in Sources */,
			);
			runOnlyForDeploymentPostprocessing = 0;
		};
		C66863691BBEC63600A4C619 /* Sources */ = {
			isa = PBXSourcesBuildPhase;
			buildActionMask = 2147483647;
			files = (
				C66863721BBEC63600A4C619 /* ____Tests.m in Sources */,
			);
			runOnlyForDeploymentPostprocessing = 0;
		};
		C66863741BBEC63600A4C619 /* Sources */ = {
			isa = PBXSourcesBuildPhase;
			buildActionMask = 2147483647;
			files = (
				C668637D1BBEC63600A4C619 /* ____UITests.m in Sources */,
			);
			runOnlyForDeploymentPostprocessing = 0;
		};
/* End PBXSourcesBuildPhase section */

/* Begin PBXTargetDependency section */
		C668636F1BBEC63600A4C619 /* PBXTargetDependency */ = {
			isa = PBXTargetDependency;
			target = C66863531BBEC63500A4C619 /* 新浪微博 */;
			targetProxy = C668636E1BBEC63600A4C619 /* PBXContainerItemProxy */;
		};
		C668637A1BBEC63600A4C619 /* PBXTargetDependency */ = {
			isa = PBXTargetDependency;
			target = C66863531BBEC63500A4C619 /* 新浪微博 */;
			targetProxy = C66863791BBEC63600A4C619 /* PBXContainerItemProxy */;
		};
/* End PBXTargetDependency section */

/* Begin XCBuildConfiguration section */
		C668637F1BBEC63600A4C619 /* Debug */ = {
			isa = XCBuildConfiguration;
			buildSettings = {
				ALWAYS_SEARCH_USER_PATHS = NO;
				CLANG_CXX_LANGUAGE_STANDARD = "gnu++0x";
				CLANG_CXX_LIBRARY = "libc++";
				CLANG_ENABLE_MODULES = YES;
				CLANG_ENABLE_OBJC_ARC = YES;
				CLANG_WARN_BOOL_CONVERSION = YES;
				CLANG_WARN_CONSTANT_CONVERSION = YES;
				CLANG_WARN_DIRECT_OBJC_ISA_USAGE = YES_ERROR;
				CLANG_WARN_EMPTY_BODY = YES;
				CLANG_WARN_ENUM_CONVERSION = YES;
				CLANG_WARN_INT_CONVERSION = YES;
				CLANG_WARN_OBJC_ROOT_CLASS = YES_ERROR;
				CLANG_WARN_UNREACHABLE_CODE = YES;
				CLANG_WARN__DUPLICATE_METHOD_MATCH = YES;
				"CODE_SIGN_IDENTITY[sdk=iphoneos*]" = "iPhone Developer";
				COPY_PHASE_STRIP = NO;
				DEBUG_INFORMATION_FORMAT = dwarf;
				ENABLE_STRICT_OBJC_MSGSEND = YES;
				ENABLE_TESTABILITY = YES;
				GCC_C_LANGUAGE_STANDARD = gnu99;
				GCC_DYNAMIC_NO_PIC = NO;
				GCC_NO_COMMON_BLOCKS = YES;
				GCC_OPTIMIZATION_LEVEL = 0;
				GCC_PREPROCESSOR_DEFINITIONS = (
					"DEBUG=1",
					"$(inherited)",
				);
				GCC_WARN_64_TO_32_BIT_CONVERSION = YES;
				GCC_WARN_ABOUT_RETURN_TYPE = YES_ERROR;
				GCC_WARN_UNDECLARED_SELECTOR = YES;
				GCC_WARN_UNINITIALIZED_AUTOS = YES_AGGRESSIVE;
				GCC_WARN_UNUSED_FUNCTION = YES;
				GCC_WARN_UNUSED_VARIABLE = YES;
				IPHONEOS_DEPLOYMENT_TARGET = 9.0;
				MTL_ENABLE_DEBUG_INFO = YES;
				ONLY_ACTIVE_ARCH = YES;
				SDKROOT = iphoneos;
			};
			name = Debug;
		};
		C66863801BBEC63600A4C619 /* Release */ = {
			isa = XCBuildConfiguration;
			buildSettings = {
				ALWAYS_SEARCH_USER_PATHS = NO;
				CLANG_CXX_LANGUAGE_STANDARD = "gnu++0x";
				CLANG_CXX_LIBRARY = "libc++";
				CLANG_ENABLE_MODULES = YES;
				CLANG_ENABLE_OBJC_ARC = YES;
				CLANG_WARN_BOOL_CONVERSION = YES;
				CLANG_WARN_CONSTANT_CONVERSION = YES;
				CLANG_WARN_DIRECT_OBJC_ISA_USAGE = YES_ERROR;
				CLANG_WARN_EMPTY_BODY = YES;
				CLANG_WARN_ENUM_CONVERSION = YES;
				CLANG_WARN_INT_CONVERSION = YES;
				CLANG_WARN_OBJC_ROOT_CLASS = YES_ERROR;
				CLANG_WARN_UNREACHABLE_CODE = YES;
				CLANG_WARN__DUPLICATE_METHOD_MATCH = YES;
				"CODE_SIGN_IDENTITY[sdk=iphoneos*]" = "iPhone Developer";
				COPY_PHASE_STRIP = NO;
				DEBUG_INFORMATION_FORMAT = "dwarf-with-dsym";
				ENABLE_NS_ASSERTIONS = NO;
				ENABLE_STRICT_OBJC_MSGSEND = YES;
				GCC_C_LANGUAGE_STANDARD = gnu99;
				GCC_NO_COMMON_BLOCKS = YES;
				GCC_WARN_64_TO_32_BIT_CONVERSION = YES;
				GCC_WARN_ABOUT_RETURN_TYPE = YES_ERROR;
				GCC_WARN_UNDECLARED_SELECTOR = YES;
				GCC_WARN_UNINITIALIZED_AUTOS = YES_AGGRESSIVE;
				GCC_WARN_UNUSED_FUNCTION = YES;
				GCC_WARN_UNUSED_VARIABLE = YES;
				IPHONEOS_DEPLOYMENT_TARGET = 9.0;
				MTL_ENABLE_DEBUG_INFO = NO;
				SDKROOT = iphoneos;
				VALIDATE_PRODUCT = YES;
			};
			name = Release;
		};
		C66863821BBEC63600A4C619 /* Debug */ = {
			isa = XCBuildConfiguration;
			buildSettings = {
				ASSETCATALOG_COMPILER_APPICON_NAME = AppIcon;
				ASSETCATALOG_COMPILER_LAUNCHIMAGE_NAME = LaunchImage;
				GCC_PRECOMPILE_PREFIX_HEADER = YES;
				GCC_PREFIX_HEADER = "$(SRCROOT)/新浪微博/YWeiBoPrefixHeader.pch";
				INFOPLIST_FILE = "新浪微博/Info.plist";
				IPHONEOS_DEPLOYMENT_TARGET = 7.0;
				LD_RUNPATH_SEARCH_PATHS = "$(inherited) @executable_path/Frameworks";
				PRODUCT_BUNDLE_IDENTIFIER = "com.sf.----";
				PRODUCT_NAME = "$(TARGET_NAME)";
			};
			name = Debug;
		};
		C66863831BBEC63600A4C619 /* Release */ = {
			isa = XCBuildConfiguration;
			buildSettings = {
				ASSETCATALOG_COMPILER_APPICON_NAME = AppIcon;
				ASSETCATALOG_COMPILER_LAUNCHIMAGE_NAME = LaunchImage;
				GCC_PRECOMPILE_PREFIX_HEADER = YES;
				GCC_PREFIX_HEADER = "$(SRCROOT)/新浪微博/YWeiBoPrefixHeader.pch";
				INFOPLIST_FILE = "新浪微博/Info.plist";
				IPHONEOS_DEPLOYMENT_TARGET = 7.0;
				LD_RUNPATH_SEARCH_PATHS = "$(inherited) @executable_path/Frameworks";
				PRODUCT_BUNDLE_IDENTIFIER = "com.sf.----";
				PRODUCT_NAME = "$(TARGET_NAME)";
			};
			name = Release;
		};
		C66863851BBEC63600A4C619 /* Debug */ = {
			isa = XCBuildConfiguration;
			buildSettings = {
				BUNDLE_LOADER = "$(TEST_HOST)";
				INFOPLIST_FILE = "新浪微博Tests/Info.plist";
				LD_RUNPATH_SEARCH_PATHS = "$(inherited) @executable_path/Frameworks @loader_path/Frameworks";
				PRODUCT_BUNDLE_IDENTIFIER = "com.sf.----Tests";
				PRODUCT_NAME = "$(TARGET_NAME)";
				TEST_HOST = "$(BUILT_PRODUCTS_DIR)/新浪微博.app/新浪微博";
			};
			name = Debug;
		};
		C66863861BBEC63600A4C619 /* Release */ = {
			isa = XCBuildConfiguration;
			buildSettings = {
				BUNDLE_LOADER = "$(TEST_HOST)";
				INFOPLIST_FILE = "新浪微博Tests/Info.plist";
				LD_RUNPATH_SEARCH_PATHS = "$(inherited) @executable_path/Frameworks @loader_path/Frameworks";
				PRODUCT_BUNDLE_IDENTIFIER = "com.sf.----Tests";
				PRODUCT_NAME = "$(TARGET_NAME)";
				TEST_HOST = "$(BUILT_PRODUCTS_DIR)/新浪微博.app/新浪微博";
			};
			name = Release;
		};
		C66863881BBEC63600A4C619 /* Debug */ = {
			isa = XCBuildConfiguration;
			buildSettings = {
				INFOPLIST_FILE = "新浪微博UITests/Info.plist";
				LD_RUNPATH_SEARCH_PATHS = "$(inherited) @executable_path/Frameworks @loader_path/Frameworks";
				PRODUCT_BUNDLE_IDENTIFIER = "com.sf.----UITests";
				PRODUCT_NAME = "$(TARGET_NAME)";
				TEST_TARGET_NAME = "新浪微博";
				USES_XCTRUNNER = YES;
			};
			name = Debug;
		};
		C66863891BBEC63600A4C619 /* Release */ = {
			isa = XCBuildConfiguration;
			buildSettings = {
				INFOPLIST_FILE = "新浪微博UITests/Info.plist";
				LD_RUNPATH_SEARCH_PATHS = "$(inherited) @executable_path/Frameworks @loader_path/Frameworks";
				PRODUCT_BUNDLE_IDENTIFIER = "com.sf.----UITests";
				PRODUCT_NAME = "$(TARGET_NAME)";
				TEST_TARGET_NAME = "新浪微博";
				USES_XCTRUNNER = YES;
			};
			name = Release;
		};
/* End XCBuildConfiguration section */

/* Begin XCConfigurationList section */
		C668634F1BBEC63500A4C619 /* Build configuration list for PBXProject "新浪微博" */ = {
			isa = XCConfigurationList;
			buildConfigurations = (
				C668637F1BBEC63600A4C619 /* Debug */,
				C66863801BBEC63600A4C619 /* Release */,
			);
			defaultConfigurationIsVisible = 0;
			defaultConfigurationName = Release;
		};
		C66863811BBEC63600A4C619 /* Build configuration list for PBXNativeTarget "新浪微博" */ = {
			isa = XCConfigurationList;
			buildConfigurations = (
				C66863821BBEC63600A4C619 /* Debug */,
				C66863831BBEC63600A4C619 /* Release */,
			);
			defaultConfigurationIsVisible = 0;
			defaultConfigurationName = Release;
		};
		C66863841BBEC63600A4C619 /* Build configuration list for PBXNativeTarget "新浪微博Tests" */ = {
			isa = XCConfigurationList;
			buildConfigurations = (
				C66863851BBEC63600A4C619 /* Debug */,
				C66863861BBEC63600A4C619 /* Release */,
			);
			defaultConfigurationIsVisible = 0;
			defaultConfigurationName = Release;
		};
		C66863871BBEC63600A4C619 /* Build configuration list for PBXNativeTarget "新浪微博UITests" */ = {
			isa = XCConfigurationList;
			buildConfigurations = (
				C66863881BBEC63600A4C619 /* Debug */,
				C66863891BBEC63600A4C619 /* Release */,
			);
			defaultConfigurationIsVisible = 0;
			defaultConfigurationName = Release;
		};
/* End XCConfigurationList section */
	};
	rootObject = C668634C1BBEC63500A4C619 /* Project object */;
}
